// !$*UTF8*$!
{
	archiveVersion = 1;
	classes = {
	};
	objectVersion = 46;
	objects = {

/* Begin PBXBuildFile section */
		2E0DEC271EFFEAFE0039A3B8 /* MarkerInfoContentsView.xib in Resources */ = {isa = PBXBuildFile; fileRef = 2E0DEC261EFFEAFE0039A3B8 /* MarkerInfoContentsView.xib */; };
		2E0DEC291EFFFBE90039A3B8 /* Direction.swift in Sources */ = {isa = PBXBuildFile; fileRef = 2E0DEC281EFFFBE90039A3B8 /* Direction.swift */; };
		2E0DEC2B1F051E430039A3B8 /* CustomGMSMarker.swift in Sources */ = {isa = PBXBuildFile; fileRef = 2E0DEC2A1F051E430039A3B8 /* CustomGMSMarker.swift */; };
		2E0DEC2E1F051EA30039A3B8 /* MarkerType.swift in Sources */ = {isa = PBXBuildFile; fileRef = 2E0DEC2D1F051EA30039A3B8 /* MarkerType.swift */; };
		2E0DEC331F073F3D0039A3B8 /* SlideMenuViewController.swift in Sources */ = {isa = PBXBuildFile; fileRef = 2E0DEC321F073F3D0039A3B8 /* SlideMenuViewController.swift */; };
		2E0DEC371F076F150039A3B8 /* RealmMark.swift in Sources */ = {isa = PBXBuildFile; fileRef = 2E0DEC361F076F150039A3B8 /* RealmMark.swift */; };
		2E0DEC391F076FE30039A3B8 /* RealmMarkManager.swift in Sources */ = {isa = PBXBuildFile; fileRef = 2E0DEC381F076FE30039A3B8 /* RealmMarkManager.swift */; };
		2E0DEC3B1F0777A20039A3B8 /* UIPlaceHolderTextView.swift in Sources */ = {isa = PBXBuildFile; fileRef = 2E0DEC3A1F0777A20039A3B8 /* UIPlaceHolderTextView.swift */; };
		2E0DEC431F08F0A80039A3B8 /* CreateMarkerViewController.swift in Sources */ = {isa = PBXBuildFile; fileRef = 2E0DEC421F08F0A80039A3B8 /* CreateMarkerViewController.swift */; };
		2E0DEC481F0BDFB20039A3B8 /* MarkerInfoContentsView.swift in Sources */ = {isa = PBXBuildFile; fileRef = 2E0DEC471F0BDFB20039A3B8 /* MarkerInfoContentsView.swift */; };
		2E0DEC4A1F112DBC0039A3B8 /* Marker.swift in Sources */ = {isa = PBXBuildFile; fileRef = 2E0DEC491F112DBC0039A3B8 /* Marker.swift */; };
		2E0DEC4C1F11419B0039A3B8 /* SettingViewController.swift in Sources */ = {isa = PBXBuildFile; fileRef = 2E0DEC4B1F11419B0039A3B8 /* SettingViewController.swift */; };
		2E0DEC501F128B7E0039A3B8 /* ViewController+GMSMapView.swift in Sources */ = {isa = PBXBuildFile; fileRef = 2E0DEC4F1F128B7E0039A3B8 /* ViewController+GMSMapView.swift */; };
		2E0DEC521F128CD50039A3B8 /* ViewController+SpotlightControllerView.swift in Sources */ = {isa = PBXBuildFile; fileRef = 2E0DEC511F128CD50039A3B8 /* ViewController+SpotlightControllerView.swift */; };
		2E0DEC541F128DED0039A3B8 /* ViewController+CLLocationManager.swift in Sources */ = {isa = PBXBuildFile; fileRef = 2E0DEC531F128DED0039A3B8 /* ViewController+CLLocationManager.swift */; };
		2E0DEC561F1A5F150039A3B8 /* AnnotationViewController.swift in Sources */ = {isa = PBXBuildFile; fileRef = 2E0DEC551F1A5F150039A3B8 /* AnnotationViewController.swift */; };
		2E0DEC5C1F1A8A210039A3B8 /* CustomCell.swift in Sources */ = {isa = PBXBuildFile; fileRef = 2E0DEC5B1F1A8A210039A3B8 /* CustomCell.swift */; };
		2E8351541EF57E7C004E162C /* AppDelegate.swift in Sources */ = {isa = PBXBuildFile; fileRef = 2E8351531EF57E7C004E162C /* AppDelegate.swift */; };
		2E8351561EF57E7C004E162C /* ViewController.swift in Sources */ = {isa = PBXBuildFile; fileRef = 2E8351551EF57E7C004E162C /* ViewController.swift */; };
		2E8351591EF57E7C004E162C /* Main.storyboard in Resources */ = {isa = PBXBuildFile; fileRef = 2E8351571EF57E7C004E162C /* Main.storyboard */; };
		2E83515B1EF57E7C004E162C /* Assets.xcassets in Resources */ = {isa = PBXBuildFile; fileRef = 2E83515A1EF57E7C004E162C /* Assets.xcassets */; };
		2E83515E1EF57E7C004E162C /* LaunchScreen.storyboard in Resources */ = {isa = PBXBuildFile; fileRef = 2E83515C1EF57E7C004E162C /* LaunchScreen.storyboard */; };
		2E8351691EF57E7C004E162C /* HelpSenseOfDirectionTests.swift in Sources */ = {isa = PBXBuildFile; fileRef = 2E8351681EF57E7C004E162C /* HelpSenseOfDirectionTests.swift */; };
		2E8351741EF57E7C004E162C /* HelpSenseOfDirectionUITests.swift in Sources */ = {isa = PBXBuildFile; fileRef = 2E8351731EF57E7C004E162C /* HelpSenseOfDirectionUITests.swift */; };
		2E8351841EF58BC9004E162C /* key.plist in Resources */ = {isa = PBXBuildFile; fileRef = 2E8351831EF58BC9004E162C /* key.plist */; };
		2E83518B1EF6CD77004E162C /* Geocoding.swift in Sources */ = {isa = PBXBuildFile; fileRef = 2E83518A1EF6CD77004E162C /* Geocoding.swift */; };
		89EE90D27F477070A059082F /* Pods_HelpSenseOfDirection.framework in Frameworks */ = {isa = PBXBuildFile; fileRef = 3A66E323BDF883AC88D0FF08 /* Pods_HelpSenseOfDirection.framework */; };
		AFD7F9C2BF17A98F2A8A2867 /* Pods_Tests_HelpSenseOfDirectionUITests.framework in Frameworks */ = {isa = PBXBuildFile; fileRef = ADCC32DC622DEBB72A08D6E2 /* Pods_Tests_HelpSenseOfDirectionUITests.framework */; };
		F71EC29525A876A82AC2C2C6 /* Pods_Tests_HelpSenseOfDirectionTests.framework in Frameworks */ = {isa = PBXBuildFile; fileRef = 46075BE42C3F54B0C3F008FC /* Pods_Tests_HelpSenseOfDirectionTests.framework */; };
/* End PBXBuildFile section */

/* Begin PBXContainerItemProxy section */
		2E8351651EF57E7C004E162C /* PBXContainerItemProxy */ = {
			isa = PBXContainerItemProxy;
			containerPortal = 2E8351481EF57E7C004E162C /* Project object */;
			proxyType = 1;
			remoteGlobalIDString = 2E83514F1EF57E7C004E162C;
			remoteInfo = HelpSenseOfDirection;
		};
		2E8351701EF57E7C004E162C /* PBXContainerItemProxy */ = {
			isa = PBXContainerItemProxy;
			containerPortal = 2E8351481EF57E7C004E162C /* Project object */;
			proxyType = 1;
			remoteGlobalIDString = 2E83514F1EF57E7C004E162C;
			remoteInfo = HelpSenseOfDirection;
		};
/* End PBXContainerItemProxy section */

/* Begin PBXFileReference section */
		25286F98477C2D7C5495C851 /* Pods-Tests-HelpSenseOfDirectionUITests.release.xcconfig */ = {isa = PBXFileReference; includeInIndex = 1; lastKnownFileType = text.xcconfig; name = "Pods-Tests-HelpSenseOfDirectionUITests.release.xcconfig"; path = "Pods/Target Support Files/Pods-Tests-HelpSenseOfDirectionUITests/Pods-Tests-HelpSenseOfDirectionUITests.release.xcconfig"; sourceTree = "<group>"; };
		283E703E04C5CBA7ADAC023D /* Pods-HelpSenseOfDirection.release.xcconfig */ = {isa = PBXFileReference; includeInIndex = 1; lastKnownFileType = text.xcconfig; name = "Pods-HelpSenseOfDirection.release.xcconfig"; path = "Pods/Target Support Files/Pods-HelpSenseOfDirection/Pods-HelpSenseOfDirection.release.xcconfig"; sourceTree = "<group>"; };
		2E0DEC261EFFEAFE0039A3B8 /* MarkerInfoContentsView.xib */ = {isa = PBXFileReference; fileEncoding = 4; lastKnownFileType = file.xib; name = MarkerInfoContentsView.xib; path = View/MarkerInfoContentsView.xib; sourceTree = "<group>"; };
		2E0DEC281EFFFBE90039A3B8 /* Direction.swift */ = {isa = PBXFileReference; fileEncoding = 4; lastKnownFileType = sourcecode.swift; name = Direction.swift; path = Model/Direction.swift; sourceTree = "<group>"; };
		2E0DEC2A1F051E430039A3B8 /* CustomGMSMarker.swift */ = {isa = PBXFileReference; fileEncoding = 4; lastKnownFileType = sourcecode.swift; name = CustomGMSMarker.swift; path = Model/CustomGMSMarker.swift; sourceTree = "<group>"; };
		2E0DEC2D1F051EA30039A3B8 /* MarkerType.swift */ = {isa = PBXFileReference; fileEncoding = 4; lastKnownFileType = sourcecode.swift; name = MarkerType.swift; path = Enum/MarkerType.swift; sourceTree = "<group>"; };
		2E0DEC321F073F3D0039A3B8 /* SlideMenuViewController.swift */ = {isa = PBXFileReference; fileEncoding = 4; lastKnownFileType = sourcecode.swift; path = SlideMenuViewController.swift; sourceTree = "<group>"; };
		2E0DEC361F076F150039A3B8 /* RealmMark.swift */ = {isa = PBXFileReference; fileEncoding = 4; lastKnownFileType = sourcecode.swift; name = RealmMark.swift; path = Model/RealmMark.swift; sourceTree = "<group>"; };
		2E0DEC381F076FE30039A3B8 /* RealmMarkManager.swift */ = {isa = PBXFileReference; fileEncoding = 4; lastKnownFileType = sourcecode.swift; name = RealmMarkManager.swift; path = Model/RealmMarkManager.swift; sourceTree = "<group>"; };
		2E0DEC3A1F0777A20039A3B8 /* UIPlaceHolderTextView.swift */ = {isa = PBXFileReference; fileEncoding = 4; lastKnownFileType = sourcecode.swift; name = UIPlaceHolderTextView.swift; path = View/UIPlaceHolderTextView.swift; sourceTree = "<group>"; };
		2E0DEC421F08F0A80039A3B8 /* CreateMarkerViewController.swift */ = {isa = PBXFileReference; fileEncoding = 4; lastKnownFileType = sourcecode.swift; path = CreateMarkerViewController.swift; sourceTree = "<group>"; };
		2E0DEC471F0BDFB20039A3B8 /* MarkerInfoContentsView.swift */ = {isa = PBXFileReference; fileEncoding = 4; lastKnownFileType = sourcecode.swift; name = MarkerInfoContentsView.swift; path = View/MarkerInfoContentsView.swift; sourceTree = "<group>"; };
		2E0DEC491F112DBC0039A3B8 /* Marker.swift */ = {isa = PBXFileReference; fileEncoding = 4; lastKnownFileType = sourcecode.swift; name = Marker.swift; path = Model/Marker.swift; sourceTree = "<group>"; };
		2E0DEC4B1F11419B0039A3B8 /* SettingViewController.swift */ = {isa = PBXFileReference; fileEncoding = 4; lastKnownFileType = sourcecode.swift; path = SettingViewController.swift; sourceTree = "<group>"; };
		2E0DEC4F1F128B7E0039A3B8 /* ViewController+GMSMapView.swift */ = {isa = PBXFileReference; fileEncoding = 4; lastKnownFileType = sourcecode.swift; path = "ViewController+GMSMapView.swift"; sourceTree = "<group>"; };
		2E0DEC511F128CD50039A3B8 /* ViewController+SpotlightControllerView.swift */ = {isa = PBXFileReference; fileEncoding = 4; lastKnownFileType = sourcecode.swift; path = "ViewController+SpotlightControllerView.swift"; sourceTree = "<group>"; };
		2E0DEC531F128DED0039A3B8 /* ViewController+CLLocationManager.swift */ = {isa = PBXFileReference; fileEncoding = 4; lastKnownFileType = sourcecode.swift; path = "ViewController+CLLocationManager.swift"; sourceTree = "<group>"; };
		2E0DEC551F1A5F150039A3B8 /* AnnotationViewController.swift */ = {isa = PBXFileReference; fileEncoding = 4; lastKnownFileType = sourcecode.swift; path = AnnotationViewController.swift; sourceTree = "<group>"; };
		2E0DEC5B1F1A8A210039A3B8 /* CustomCell.swift */ = {isa = PBXFileReference; fileEncoding = 4; lastKnownFileType = sourcecode.swift; name = CustomCell.swift; path = View/CustomCell.swift; sourceTree = "<group>"; };
		2E8351501EF57E7C004E162C /* HelpSenseOfDirection.app */ = {isa = PBXFileReference; explicitFileType = wrapper.application; includeInIndex = 0; path = HelpSenseOfDirection.app; sourceTree = BUILT_PRODUCTS_DIR; };
		2E8351531EF57E7C004E162C /* AppDelegate.swift */ = {isa = PBXFileReference; lastKnownFileType = sourcecode.swift; path = AppDelegate.swift; sourceTree = "<group>"; };
		2E8351551EF57E7C004E162C /* ViewController.swift */ = {isa = PBXFileReference; lastKnownFileType = sourcecode.swift; path = ViewController.swift; sourceTree = "<group>"; };
		2E8351581EF57E7C004E162C /* Base */ = {isa = PBXFileReference; lastKnownFileType = file.storyboard; name = Base; path = Base.lproj/Main.storyboard; sourceTree = "<group>"; };
		2E83515A1EF57E7C004E162C /* Assets.xcassets */ = {isa = PBXFileReference; lastKnownFileType = folder.assetcatalog; path = Assets.xcassets; sourceTree = "<group>"; };
		2E83515D1EF57E7C004E162C /* Base */ = {isa = PBXFileReference; lastKnownFileType = file.storyboard; name = Base; path = Base.lproj/LaunchScreen.storyboard; sourceTree = "<group>"; };
		2E83515F1EF57E7C004E162C /* Info.plist */ = {isa = PBXFileReference; lastKnownFileType = text.plist.xml; path = Info.plist; sourceTree = "<group>"; };
		2E8351641EF57E7C004E162C /* HelpSenseOfDirectionTests.xctest */ = {isa = PBXFileReference; explicitFileType = wrapper.cfbundle; includeInIndex = 0; path = HelpSenseOfDirectionTests.xctest; sourceTree = BUILT_PRODUCTS_DIR; };
		2E8351681EF57E7C004E162C /* HelpSenseOfDirectionTests.swift */ = {isa = PBXFileReference; lastKnownFileType = sourcecode.swift; path = HelpSenseOfDirectionTests.swift; sourceTree = "<group>"; };
		2E83516A1EF57E7C004E162C /* Info.plist */ = {isa = PBXFileReference; lastKnownFileType = text.plist.xml; path = Info.plist; sourceTree = "<group>"; };
		2E83516F1EF57E7C004E162C /* HelpSenseOfDirectionUITests.xctest */ = {isa = PBXFileReference; explicitFileType = wrapper.cfbundle; includeInIndex = 0; path = HelpSenseOfDirectionUITests.xctest; sourceTree = BUILT_PRODUCTS_DIR; };
		2E8351731EF57E7C004E162C /* HelpSenseOfDirectionUITests.swift */ = {isa = PBXFileReference; lastKnownFileType = sourcecode.swift; path = HelpSenseOfDirectionUITests.swift; sourceTree = "<group>"; };
		2E8351751EF57E7C004E162C /* Info.plist */ = {isa = PBXFileReference; lastKnownFileType = text.plist.xml; path = Info.plist; sourceTree = "<group>"; };
		2E8351831EF58BC9004E162C /* key.plist */ = {isa = PBXFileReference; fileEncoding = 4; lastKnownFileType = text.plist.xml; path = key.plist; sourceTree = "<group>"; };
		2E8351851EF598E0004E162C /* CoreLocation.framework */ = {isa = PBXFileReference; lastKnownFileType = wrapper.framework; name = CoreLocation.framework; path = System/Library/Frameworks/CoreLocation.framework; sourceTree = SDKROOT; };
		2E83518A1EF6CD77004E162C /* Geocoding.swift */ = {isa = PBXFileReference; fileEncoding = 4; lastKnownFileType = sourcecode.swift; name = Geocoding.swift; path = Model/Geocoding.swift; sourceTree = "<group>"; };
		3924529F9F79B29BB4515FC0 /* Pods-Tests-HelpSenseOfDirectionTests.debug.xcconfig */ = {isa = PBXFileReference; includeInIndex = 1; lastKnownFileType = text.xcconfig; name = "Pods-Tests-HelpSenseOfDirectionTests.debug.xcconfig"; path = "Pods/Target Support Files/Pods-Tests-HelpSenseOfDirectionTests/Pods-Tests-HelpSenseOfDirectionTests.debug.xcconfig"; sourceTree = "<group>"; };
		3A66E323BDF883AC88D0FF08 /* Pods_HelpSenseOfDirection.framework */ = {isa = PBXFileReference; explicitFileType = wrapper.framework; includeInIndex = 0; path = Pods_HelpSenseOfDirection.framework; sourceTree = BUILT_PRODUCTS_DIR; };
		46075BE42C3F54B0C3F008FC /* Pods_Tests_HelpSenseOfDirectionTests.framework */ = {isa = PBXFileReference; explicitFileType = wrapper.framework; includeInIndex = 0; path = Pods_Tests_HelpSenseOfDirectionTests.framework; sourceTree = BUILT_PRODUCTS_DIR; };
		6139C46DFB67A4E7EEC3CB20 /* Pods-Tests-HelpSenseOfDirectionTests.release.xcconfig */ = {isa = PBXFileReference; includeInIndex = 1; lastKnownFileType = text.xcconfig; name = "Pods-Tests-HelpSenseOfDirectionTests.release.xcconfig"; path = "Pods/Target Support Files/Pods-Tests-HelpSenseOfDirectionTests/Pods-Tests-HelpSenseOfDirectionTests.release.xcconfig"; sourceTree = "<group>"; };
		984269D59DE17CE1A71A0679 /* Pods-HelpSenseOfDirection.debug.xcconfig */ = {isa = PBXFileReference; includeInIndex = 1; lastKnownFileType = text.xcconfig; name = "Pods-HelpSenseOfDirection.debug.xcconfig"; path = "Pods/Target Support Files/Pods-HelpSenseOfDirection/Pods-HelpSenseOfDirection.debug.xcconfig"; sourceTree = "<group>"; };
		ADCC32DC622DEBB72A08D6E2 /* Pods_Tests_HelpSenseOfDirectionUITests.framework */ = {isa = PBXFileReference; explicitFileType = wrapper.framework; includeInIndex = 0; path = Pods_Tests_HelpSenseOfDirectionUITests.framework; sourceTree = BUILT_PRODUCTS_DIR; };
		CD36D2112ABE4518E1C299D4 /* Pods-Tests-HelpSenseOfDirectionUITests.debug.xcconfig */ = {isa = PBXFileReference; includeInIndex = 1; lastKnownFileType = text.xcconfig; name = "Pods-Tests-HelpSenseOfDirectionUITests.debug.xcconfig"; path = "Pods/Target Support Files/Pods-Tests-HelpSenseOfDirectionUITests/Pods-Tests-HelpSenseOfDirectionUITests.debug.xcconfig"; sourceTree = "<group>"; };
/* End PBXFileReference section */

/* Begin PBXFrameworksBuildPhase section */
		2E83514D1EF57E7C004E162C /* Frameworks */ = {
			isa = PBXFrameworksBuildPhase;
			buildActionMask = 2147483647;
			files = (
				89EE90D27F477070A059082F /* Pods_HelpSenseOfDirection.framework in Frameworks */,
			);
			runOnlyForDeploymentPostprocessing = 0;
		};
		2E8351611EF57E7C004E162C /* Frameworks */ = {
			isa = PBXFrameworksBuildPhase;
			buildActionMask = 2147483647;
			files = (
				F71EC29525A876A82AC2C2C6 /* Pods_Tests_HelpSenseOfDirectionTests.framework in Frameworks */,
			);
			runOnlyForDeploymentPostprocessing = 0;
		};
		2E83516C1EF57E7C004E162C /* Frameworks */ = {
			isa = PBXFrameworksBuildPhase;
			buildActionMask = 2147483647;
			files = (
				AFD7F9C2BF17A98F2A8A2867 /* Pods_Tests_HelpSenseOfDirectionUITests.framework in Frameworks */,
			);
			runOnlyForDeploymentPostprocessing = 0;
		};
/* End PBXFrameworksBuildPhase section */

/* Begin PBXGroup section */
		2E0DEC231EFFEABA0039A3B8 /* View */ = {
			isa = PBXGroup;
			children = (
				2E0DEC261EFFEAFE0039A3B8 /* MarkerInfoContentsView.xib */,
				2E0DEC471F0BDFB20039A3B8 /* MarkerInfoContentsView.swift */,
				2E0DEC3A1F0777A20039A3B8 /* UIPlaceHolderTextView.swift */,
				2E0DEC5B1F1A8A210039A3B8 /* CustomCell.swift */,
			);
			name = View;
			sourceTree = "<group>";
		};
		2E0DEC2C1F051E810039A3B8 /* Enum */ = {
			isa = PBXGroup;
			children = (
				2E0DEC2D1F051EA30039A3B8 /* MarkerType.swift */,
			);
			name = Enum;
			sourceTree = "<group>";
		};
		2E0DEC2F1F073BC70039A3B8 /* ViewController */ = {
			isa = PBXGroup;
			children = (
				2E0DEC421F08F0A80039A3B8 /* CreateMarkerViewController.swift */,
				2E8351551EF57E7C004E162C /* ViewController.swift */,
				2E0DEC531F128DED0039A3B8 /* ViewController+CLLocationManager.swift */,
				2E0DEC4F1F128B7E0039A3B8 /* ViewController+GMSMapView.swift */,
				2E0DEC511F128CD50039A3B8 /* ViewController+SpotlightControllerView.swift */,
				2E0DEC4B1F11419B0039A3B8 /* SettingViewController.swift */,
				2E0DEC321F073F3D0039A3B8 /* SlideMenuViewController.swift */,
				2E0DEC551F1A5F150039A3B8 /* AnnotationViewController.swift */,
			);
			name = ViewController;
			sourceTree = "<group>";
		};
		2E8351471EF57E7C004E162C = {
			isa = PBXGroup;
			children = (
				2E8351521EF57E7C004E162C /* HelpSenseOfDirection */,
				2E8351671EF57E7C004E162C /* HelpSenseOfDirectionTests */,
				2E8351721EF57E7C004E162C /* HelpSenseOfDirectionUITests */,
				2E8351511EF57E7C004E162C /* Products */,
				BEB59ED77505E059EC69E2F8 /* Pods */,
				B53398C79C1ABEACB74BED72 /* Frameworks */,
			);
			sourceTree = "<group>";
		};
		2E8351511EF57E7C004E162C /* Products */ = {
			isa = PBXGroup;
			children = (
				2E8351501EF57E7C004E162C /* HelpSenseOfDirection.app */,
				2E8351641EF57E7C004E162C /* HelpSenseOfDirectionTests.xctest */,
				2E83516F1EF57E7C004E162C /* HelpSenseOfDirectionUITests.xctest */,
			);
			name = Products;
			sourceTree = "<group>";
		};
		2E8351521EF57E7C004E162C /* HelpSenseOfDirection */ = {
			isa = PBXGroup;
			children = (
				2E0DEC2F1F073BC70039A3B8 /* ViewController */,
				2E0DEC2C1F051E810039A3B8 /* Enum */,
				2E0DEC231EFFEABA0039A3B8 /* View */,
				2E8351891EF6CD4A004E162C /* Model */,
				2E8351531EF57E7C004E162C /* AppDelegate.swift */,
				2E8351571EF57E7C004E162C /* Main.storyboard */,
				2E83515A1EF57E7C004E162C /* Assets.xcassets */,
				2E83515C1EF57E7C004E162C /* LaunchScreen.storyboard */,
				2E83515F1EF57E7C004E162C /* Info.plist */,
				2E8351831EF58BC9004E162C /* key.plist */,
			);
			path = HelpSenseOfDirection;
			sourceTree = "<group>";
		};
		2E8351671EF57E7C004E162C /* HelpSenseOfDirectionTests */ = {
			isa = PBXGroup;
			children = (
				2E8351681EF57E7C004E162C /* HelpSenseOfDirectionTests.swift */,
				2E83516A1EF57E7C004E162C /* Info.plist */,
			);
			path = HelpSenseOfDirectionTests;
			sourceTree = "<group>";
		};
		2E8351721EF57E7C004E162C /* HelpSenseOfDirectionUITests */ = {
			isa = PBXGroup;
			children = (
				2E8351731EF57E7C004E162C /* HelpSenseOfDirectionUITests.swift */,
				2E8351751EF57E7C004E162C /* Info.plist */,
			);
			path = HelpSenseOfDirectionUITests;
			sourceTree = "<group>";
		};
		2E8351891EF6CD4A004E162C /* Model */ = {
			isa = PBXGroup;
			children = (
				2E0DEC2A1F051E430039A3B8 /* CustomGMSMarker.swift */,
				2E0DEC281EFFFBE90039A3B8 /* Direction.swift */,
				2E83518A1EF6CD77004E162C /* Geocoding.swift */,
				2E0DEC361F076F150039A3B8 /* RealmMark.swift */,
				2E0DEC381F076FE30039A3B8 /* RealmMarkManager.swift */,
				2E0DEC491F112DBC0039A3B8 /* Marker.swift */,
			);
			name = Model;
			sourceTree = "<group>";
		};
		B53398C79C1ABEACB74BED72 /* Frameworks */ = {
			isa = PBXGroup;
			children = (
				2E8351851EF598E0004E162C /* CoreLocation.framework */,
				3A66E323BDF883AC88D0FF08 /* Pods_HelpSenseOfDirection.framework */,
				46075BE42C3F54B0C3F008FC /* Pods_Tests_HelpSenseOfDirectionTests.framework */,
				ADCC32DC622DEBB72A08D6E2 /* Pods_Tests_HelpSenseOfDirectionUITests.framework */,
			);
			name = Frameworks;
			sourceTree = "<group>";
		};
		BEB59ED77505E059EC69E2F8 /* Pods */ = {
			isa = PBXGroup;
			children = (
				984269D59DE17CE1A71A0679 /* Pods-HelpSenseOfDirection.debug.xcconfig */,
				283E703E04C5CBA7ADAC023D /* Pods-HelpSenseOfDirection.release.xcconfig */,
				3924529F9F79B29BB4515FC0 /* Pods-Tests-HelpSenseOfDirectionTests.debug.xcconfig */,
				6139C46DFB67A4E7EEC3CB20 /* Pods-Tests-HelpSenseOfDirectionTests.release.xcconfig */,
				CD36D2112ABE4518E1C299D4 /* Pods-Tests-HelpSenseOfDirectionUITests.debug.xcconfig */,
				25286F98477C2D7C5495C851 /* Pods-Tests-HelpSenseOfDirectionUITests.release.xcconfig */,
			);
			name = Pods;
			sourceTree = "<group>";
		};
/* End PBXGroup section */

/* Begin PBXNativeTarget section */
		2E83514F1EF57E7C004E162C /* HelpSenseOfDirection */ = {
			isa = PBXNativeTarget;
			buildConfigurationList = 2E8351781EF57E7C004E162C /* Build configuration list for PBXNativeTarget "HelpSenseOfDirection" */;
			buildPhases = (
				18C018BAB7CB3967E5044F3B /* [CP] Check Pods Manifest.lock */,
				2E83514C1EF57E7C004E162C /* Sources */,
				2E83514D1EF57E7C004E162C /* Frameworks */,
				2E83514E1EF57E7C004E162C /* Resources */,
				C17999F3FE1D568C14895680 /* [CP] Embed Pods Frameworks */,
				CACE71965DE37B2EB2B6342B /* [CP] Copy Pods Resources */,
				2E8351881EF68ED8004E162C /* ShellScript */,
			);
			buildRules = (
			);
			dependencies = (
			);
			name = HelpSenseOfDirection;
			productName = HelpSenseOfDirection;
			productReference = 2E8351501EF57E7C004E162C /* HelpSenseOfDirection.app */;
			productType = "com.apple.product-type.application";
		};
		2E8351631EF57E7C004E162C /* HelpSenseOfDirectionTests */ = {
			isa = PBXNativeTarget;
			buildConfigurationList = 2E83517B1EF57E7C004E162C /* Build configuration list for PBXNativeTarget "HelpSenseOfDirectionTests" */;
			buildPhases = (
				8D737F4FFB15F3136B61C2DF /* [CP] Check Pods Manifest.lock */,
				2E8351601EF57E7C004E162C /* Sources */,
				2E8351611EF57E7C004E162C /* Frameworks */,
				2E8351621EF57E7C004E162C /* Resources */,
				214EEB13C587EF8A3396788F /* [CP] Embed Pods Frameworks */,
				8D983DF14768440AB3E9A643 /* [CP] Copy Pods Resources */,
			);
			buildRules = (
			);
			dependencies = (
				2E8351661EF57E7C004E162C /* PBXTargetDependency */,
			);
			name = HelpSenseOfDirectionTests;
			productName = HelpSenseOfDirectionTests;
			productReference = 2E8351641EF57E7C004E162C /* HelpSenseOfDirectionTests.xctest */;
			productType = "com.apple.product-type.bundle.unit-test";
		};
		2E83516E1EF57E7C004E162C /* HelpSenseOfDirectionUITests */ = {
			isa = PBXNativeTarget;
			buildConfigurationList = 2E83517E1EF57E7C004E162C /* Build configuration list for PBXNativeTarget "HelpSenseOfDirectionUITests" */;
			buildPhases = (
				767610A27D695FB47AA3DAA3 /* [CP] Check Pods Manifest.lock */,
				2E83516B1EF57E7C004E162C /* Sources */,
				2E83516C1EF57E7C004E162C /* Frameworks */,
				2E83516D1EF57E7C004E162C /* Resources */,
				353A10051EC3D98E1EF9C804 /* [CP] Embed Pods Frameworks */,
				EC551A3EC3CF1A3325DBF526 /* [CP] Copy Pods Resources */,
			);
			buildRules = (
			);
			dependencies = (
				2E8351711EF57E7C004E162C /* PBXTargetDependency */,
			);
			name = HelpSenseOfDirectionUITests;
			productName = HelpSenseOfDirectionUITests;
			productReference = 2E83516F1EF57E7C004E162C /* HelpSenseOfDirectionUITests.xctest */;
			productType = "com.apple.product-type.bundle.ui-testing";
		};
/* End PBXNativeTarget section */

/* Begin PBXProject section */
		2E8351481EF57E7C004E162C /* Project object */ = {
			isa = PBXProject;
			attributes = {
				LastSwiftUpdateCheck = 0830;
				LastUpgradeCheck = 0830;
				ORGANIZATIONNAME = "Takahiro Kato";
				TargetAttributes = {
					2E83514F1EF57E7C004E162C = {
						CreatedOnToolsVersion = 8.3.3;
						DevelopmentTeam = 6J4XG67E62;
						ProvisioningStyle = Automatic;
						SystemCapabilities = {
							com.apple.BackgroundModes = {
								enabled = 1;
							};
							com.apple.Maps.iOS = {
								enabled = 0;
							};
						};
					};
					2E8351631EF57E7C004E162C = {
						CreatedOnToolsVersion = 8.3.3;
						DevelopmentTeam = 6J4XG67E62;
						ProvisioningStyle = Automatic;
						TestTargetID = 2E83514F1EF57E7C004E162C;
					};
					2E83516E1EF57E7C004E162C = {
						CreatedOnToolsVersion = 8.3.3;
						DevelopmentTeam = 6J4XG67E62;
						ProvisioningStyle = Automatic;
						TestTargetID = 2E83514F1EF57E7C004E162C;
					};
				};
			};
			buildConfigurationList = 2E83514B1EF57E7C004E162C /* Build configuration list for PBXProject "HelpSenseOfDirection" */;
			compatibilityVersion = "Xcode 3.2";
			developmentRegion = English;
			hasScannedForEncodings = 0;
			knownRegions = (
				en,
				Base,
			);
			mainGroup = 2E8351471EF57E7C004E162C;
			productRefGroup = 2E8351511EF57E7C004E162C /* Products */;
			projectDirPath = "";
			projectRoot = "";
			targets = (
				2E83514F1EF57E7C004E162C /* HelpSenseOfDirection */,
				2E8351631EF57E7C004E162C /* HelpSenseOfDirectionTests */,
				2E83516E1EF57E7C004E162C /* HelpSenseOfDirectionUITests */,
			);
		};
/* End PBXProject section */

/* Begin PBXResourcesBuildPhase section */
		2E83514E1EF57E7C004E162C /* Resources */ = {
			isa = PBXResourcesBuildPhase;
			buildActionMask = 2147483647;
			files = (
				2E83515E1EF57E7C004E162C /* LaunchScreen.storyboard in Resources */,
				2E8351841EF58BC9004E162C /* key.plist in Resources */,
				2E83515B1EF57E7C004E162C /* Assets.xcassets in Resources */,
				2E0DEC271EFFEAFE0039A3B8 /* MarkerInfoContentsView.xib in Resources */,
				2E8351591EF57E7C004E162C /* Main.storyboard in Resources */,
			);
			runOnlyForDeploymentPostprocessing = 0;
		};
		2E8351621EF57E7C004E162C /* Resources */ = {
			isa = PBXResourcesBuildPhase;
			buildActionMask = 2147483647;
			files = (
			);
			runOnlyForDeploymentPostprocessing = 0;
		};
		2E83516D1EF57E7C004E162C /* Resources */ = {
			isa = PBXResourcesBuildPhase;
			buildActionMask = 2147483647;
			files = (
			);
			runOnlyForDeploymentPostprocessing = 0;
		};
/* End PBXResourcesBuildPhase section */

/* Begin PBXShellScriptBuildPhase section */
		18C018BAB7CB3967E5044F3B /* [CP] Check Pods Manifest.lock */ = {
			isa = PBXShellScriptBuildPhase;
			buildActionMask = 2147483647;
			files = (
			);
			inputPaths = (
			);
			name = "[CP] Check Pods Manifest.lock";
			outputPaths = (
			);
			runOnlyForDeploymentPostprocessing = 0;
			shellPath = /bin/sh;
			shellScript = "diff \"${PODS_ROOT}/../Podfile.lock\" \"${PODS_ROOT}/Manifest.lock\" > /dev/null\nif [ $? != 0 ] ; then\n    # print error to STDERR\n    echo \"error: The sandbox is not in sync with the Podfile.lock. Run 'pod install' or update your CocoaPods installation.\" >&2\n    exit 1\nfi\n";
			showEnvVarsInLog = 0;
		};
		214EEB13C587EF8A3396788F /* [CP] Embed Pods Frameworks */ = {
			isa = PBXShellScriptBuildPhase;
			buildActionMask = 2147483647;
			files = (
			);
			inputPaths = (
			);
			name = "[CP] Embed Pods Frameworks";
			outputPaths = (
			);
			runOnlyForDeploymentPostprocessing = 0;
			shellPath = /bin/sh;
			shellScript = "\"${SRCROOT}/Pods/Target Support Files/Pods-Tests-HelpSenseOfDirectionTests/Pods-Tests-HelpSenseOfDirectionTests-frameworks.sh\"\n";
			showEnvVarsInLog = 0;
		};
		2E8351881EF68ED8004E162C /* ShellScript */ = {
			isa = PBXShellScriptBuildPhase;
			buildActionMask = 2147483647;
			files = (
			);
			inputPaths = (
			);
			outputPaths = (
			);
			runOnlyForDeploymentPostprocessing = 0;
			shellPath = /bin/sh;
			shellScript = "1\n2\n3\n4\n5\nif which swiftlint >/dev/null; then\nswiftlint\nelse\necho \"SwiftLint does not exist, download from https://github.com/realm/SwiftLint\"\nfi";
		};
		353A10051EC3D98E1EF9C804 /* [CP] Embed Pods Frameworks */ = {
			isa = PBXShellScriptBuildPhase;
			buildActionMask = 2147483647;
			files = (
			);
			inputPaths = (
			);
			name = "[CP] Embed Pods Frameworks";
			outputPaths = (
			);
			runOnlyForDeploymentPostprocessing = 0;
			shellPath = /bin/sh;
			shellScript = "\"${SRCROOT}/Pods/Target Support Files/Pods-Tests-HelpSenseOfDirectionUITests/Pods-Tests-HelpSenseOfDirectionUITests-frameworks.sh\"\n";
			showEnvVarsInLog = 0;
		};
		767610A27D695FB47AA3DAA3 /* [CP] Check Pods Manifest.lock */ = {
			isa = PBXShellScriptBuildPhase;
			buildActionMask = 2147483647;
			files = (
			);
			inputPaths = (
			);
			name = "[CP] Check Pods Manifest.lock";
			outputPaths = (
			);
			runOnlyForDeploymentPostprocessing = 0;
			shellPath = /bin/sh;
			shellScript = "diff \"${PODS_ROOT}/../Podfile.lock\" \"${PODS_ROOT}/Manifest.lock\" > /dev/null\nif [ $? != 0 ] ; then\n    # print error to STDERR\n    echo \"error: The sandbox is not in sync with the Podfile.lock. Run 'pod install' or update your CocoaPods installation.\" >&2\n    exit 1\nfi\n";
			showEnvVarsInLog = 0;
		};
		8D737F4FFB15F3136B61C2DF /* [CP] Check Pods Manifest.lock */ = {
			isa = PBXShellScriptBuildPhase;
			buildActionMask = 2147483647;
			files = (
			);
			inputPaths = (
			);
			name = "[CP] Check Pods Manifest.lock";
			outputPaths = (
			);
			runOnlyForDeploymentPostprocessing = 0;
			shellPath = /bin/sh;
			shellScript = "diff \"${PODS_ROOT}/../Podfile.lock\" \"${PODS_ROOT}/Manifest.lock\" > /dev/null\nif [ $? != 0 ] ; then\n    # print error to STDERR\n    echo \"error: The sandbox is not in sync with the Podfile.lock. Run 'pod install' or update your CocoaPods installation.\" >&2\n    exit 1\nfi\n";
			showEnvVarsInLog = 0;
		};
		8D983DF14768440AB3E9A643 /* [CP] Copy Pods Resources */ = {
			isa = PBXShellScriptBuildPhase;
			buildActionMask = 2147483647;
			files = (
			);
			inputPaths = (
			);
			name = "[CP] Copy Pods Resources";
			outputPaths = (
			);
			runOnlyForDeploymentPostprocessing = 0;
			shellPath = /bin/sh;
			shellScript = "\"${SRCROOT}/Pods/Target Support Files/Pods-Tests-HelpSenseOfDirectionTests/Pods-Tests-HelpSenseOfDirectionTests-resources.sh\"\n";
			showEnvVarsInLog = 0;
		};
		C17999F3FE1D568C14895680 /* [CP] Embed Pods Frameworks */ = {
			isa = PBXShellScriptBuildPhase;
			buildActionMask = 2147483647;
			files = (
			);
			inputPaths = (
			);
			name = "[CP] Embed Pods Frameworks";
			outputPaths = (
			);
			runOnlyForDeploymentPostprocessing = 0;
			shellPath = /bin/sh;
			shellScript = "\"${SRCROOT}/Pods/Target Support Files/Pods-HelpSenseOfDirection/Pods-HelpSenseOfDirection-frameworks.sh\"\n";
			showEnvVarsInLog = 0;
		};
		CACE71965DE37B2EB2B6342B /* [CP] Copy Pods Resources */ = {
			isa = PBXShellScriptBuildPhase;
			buildActionMask = 2147483647;
			files = (
			);
			inputPaths = (
			);
			name = "[CP] Copy Pods Resources";
			outputPaths = (
			);
			runOnlyForDeploymentPostprocessing = 0;
			shellPath = /bin/sh;
			shellScript = "\"${SRCROOT}/Pods/Target Support Files/Pods-HelpSenseOfDirection/Pods-HelpSenseOfDirection-resources.sh\"\n";
			showEnvVarsInLog = 0;
		};
		EC551A3EC3CF1A3325DBF526 /* [CP] Copy Pods Resources */ = {
			isa = PBXShellScriptBuildPhase;
			buildActionMask = 2147483647;
			files = (
			);
			inputPaths = (
			);
			name = "[CP] Copy Pods Resources";
			outputPaths = (
			);
			runOnlyForDeploymentPostprocessing = 0;
			shellPath = /bin/sh;
			shellScript = "\"${SRCROOT}/Pods/Target Support Files/Pods-Tests-HelpSenseOfDirectionUITests/Pods-Tests-HelpSenseOfDirectionUITests-resources.sh\"\n";
			showEnvVarsInLog = 0;
		};
/* End PBXShellScriptBuildPhase section */

/* Begin PBXSourcesBuildPhase section */
		2E83514C1EF57E7C004E162C /* Sources */ = {
			isa = PBXSourcesBuildPhase;
			buildActionMask = 2147483647;
			files = (
				2E8351561EF57E7C004E162C /* ViewController.swift in Sources */,
				2E0DEC2E1F051EA30039A3B8 /* MarkerType.swift in Sources */,
				2E0DEC481F0BDFB20039A3B8 /* MarkerInfoContentsView.swift in Sources */,
				2E83518B1EF6CD77004E162C /* Geocoding.swift in Sources */,
				2E0DEC371F076F150039A3B8 /* RealmMark.swift in Sources */,
				2E0DEC4C1F11419B0039A3B8 /* SettingViewController.swift in Sources */,
				2E0DEC431F08F0A80039A3B8 /* CreateMarkerViewController.swift in Sources */,
				2E0DEC391F076FE30039A3B8 /* RealmMarkManager.swift in Sources */,
				2E0DEC5C1F1A8A210039A3B8 /* CustomCell.swift in Sources */,
				2E0DEC541F128DED0039A3B8 /* ViewController+CLLocationManager.swift in Sources */,
				2E0DEC291EFFFBE90039A3B8 /* Direction.swift in Sources */,
				2E0DEC3B1F0777A20039A3B8 /* UIPlaceHolderTextView.swift in Sources */,
				2E0DEC4A1F112DBC0039A3B8 /* Marker.swift in Sources */,
				2E0DEC331F073F3D0039A3B8 /* SlideMenuViewController.swift in Sources */,
				2E0DEC2B1F051E430039A3B8 /* CustomGMSMarker.swift in Sources */,
				2E8351541EF57E7C004E162C /* AppDelegate.swift in Sources */,
				2E0DEC561F1A5F150039A3B8 /* AnnotationViewController.swift in Sources */,
				2E0DEC521F128CD50039A3B8 /* ViewController+SpotlightControllerView.swift in Sources */,
				2E0DEC501F128B7E0039A3B8 /* ViewController+GMSMapView.swift in Sources */,
			);
			runOnlyForDeploymentPostprocessing = 0;
		};
		2E8351601EF57E7C004E162C /* Sources */ = {
			isa = PBXSourcesBuildPhase;
			buildActionMask = 2147483647;
			files = (
				2E8351691EF57E7C004E162C /* HelpSenseOfDirectionTests.swift in Sources */,
			);
			runOnlyForDeploymentPostprocessing = 0;
		};
		2E83516B1EF57E7C004E162C /* Sources */ = {
			isa = PBXSourcesBuildPhase;
			buildActionMask = 2147483647;
			files = (
				2E8351741EF57E7C004E162C /* HelpSenseOfDirectionUITests.swift in Sources */,
			);
			runOnlyForDeploymentPostprocessing = 0;
		};
/* End PBXSourcesBuildPhase section */

/* Begin PBXTargetDependency section */
		2E8351661EF57E7C004E162C /* PBXTargetDependency */ = {
			isa = PBXTargetDependency;
			target = 2E83514F1EF57E7C004E162C /* HelpSenseOfDirection */;
			targetProxy = 2E8351651EF57E7C004E162C /* PBXContainerItemProxy */;
		};
		2E8351711EF57E7C004E162C /* PBXTargetDependency */ = {
			isa = PBXTargetDependency;
			target = 2E83514F1EF57E7C004E162C /* HelpSenseOfDirection */;
			targetProxy = 2E8351701EF57E7C004E162C /* PBXContainerItemProxy */;
		};
/* End PBXTargetDependency section */

/* Begin PBXVariantGroup section */
		2E8351571EF57E7C004E162C /* Main.storyboard */ = {
			isa = PBXVariantGroup;
			children = (
				2E8351581EF57E7C004E162C /* Base */,
			);
			name = Main.storyboard;
			sourceTree = "<group>";
		};
		2E83515C1EF57E7C004E162C /* LaunchScreen.storyboard */ = {
			isa = PBXVariantGroup;
			children = (
				2E83515D1EF57E7C004E162C /* Base */,
			);
			name = LaunchScreen.storyboard;
			sourceTree = "<group>";
		};
/* End PBXVariantGroup section */

/* Begin XCBuildConfiguration section */
		2E8351761EF57E7C004E162C /* Debug */ = {
			isa = XCBuildConfiguration;
			buildSettings = {
				ALWAYS_SEARCH_USER_PATHS = NO;
				CLANG_ANALYZER_NONNULL = YES;
				CLANG_ANALYZER_NUMBER_OBJECT_CONVERSION = YES_AGGRESSIVE;
				CLANG_CXX_LANGUAGE_STANDARD = "gnu++0x";
				CLANG_CXX_LIBRARY = "libc++";
				CLANG_ENABLE_MODULES = YES;
				CLANG_ENABLE_OBJC_ARC = YES;
				CLANG_WARN_BOOL_CONVERSION = YES;
				CLANG_WARN_CONSTANT_CONVERSION = YES;
				CLANG_WARN_DIRECT_OBJC_ISA_USAGE = YES_ERROR;
				CLANG_WARN_DOCUMENTATION_COMMENTS = YES;
				CLANG_WARN_EMPTY_BODY = YES;
				CLANG_WARN_ENUM_CONVERSION = YES;
				CLANG_WARN_INFINITE_RECURSION = YES;
				CLANG_WARN_INT_CONVERSION = YES;
				CLANG_WARN_OBJC_ROOT_CLASS = YES_ERROR;
				CLANG_WARN_SUSPICIOUS_MOVE = YES;
				CLANG_WARN_UNREACHABLE_CODE = YES;
				CLANG_WARN__DUPLICATE_METHOD_MATCH = YES;
				"CODE_SIGN_IDENTITY[sdk=iphoneos*]" = "iPhone Developer";
				COPY_PHASE_STRIP = NO;
				DEBUG_INFORMATION_FORMAT = dwarf;
				ENABLE_STRICT_OBJC_MSGSEND = YES;
				ENABLE_TESTABILITY = YES;
				GCC_C_LANGUAGE_STANDARD = gnu99;
				GCC_DYNAMIC_NO_PIC = NO;
				GCC_NO_COMMON_BLOCKS = YES;
				GCC_OPTIMIZATION_LEVEL = 0;
				GCC_PREPROCESSOR_DEFINITIONS = (
					"DEBUG=1",
					"$(inherited)",
				);
				GCC_WARN_64_TO_32_BIT_CONVERSION = YES;
				GCC_WARN_ABOUT_RETURN_TYPE = YES_ERROR;
				GCC_WARN_UNDECLARED_SELECTOR = YES;
				GCC_WARN_UNINITIALIZED_AUTOS = YES_AGGRESSIVE;
				GCC_WARN_UNUSED_FUNCTION = YES;
				GCC_WARN_UNUSED_VARIABLE = YES;
				IPHONEOS_DEPLOYMENT_TARGET = 10.0;
				MTL_ENABLE_DEBUG_INFO = YES;
				ONLY_ACTIVE_ARCH = YES;
				SDKROOT = iphoneos;
				SWIFT_ACTIVE_COMPILATION_CONDITIONS = DEBUG;
				SWIFT_OPTIMIZATION_LEVEL = "-Onone";
				TARGETED_DEVICE_FAMILY = "1,2";
			};
			name = Debug;
		};
		2E8351771EF57E7C004E162C /* Release */ = {
			isa = XCBuildConfiguration;
			buildSettings = {
				ALWAYS_SEARCH_USER_PATHS = NO;
				CLANG_ANALYZER_NONNULL = YES;
				CLANG_ANALYZER_NUMBER_OBJECT_CONVERSION = YES_AGGRESSIVE;
				CLANG_CXX_LANGUAGE_STANDARD = "gnu++0x";
				CLANG_CXX_LIBRARY = "libc++";
				CLANG_ENABLE_MODULES = YES;
				CLANG_ENABLE_OBJC_ARC = YES;
				CLANG_WARN_BOOL_CONVERSION = YES;
				CLANG_WARN_CONSTANT_CONVERSION = YES;
				CLANG_WARN_DIRECT_OBJC_ISA_USAGE = YES_ERROR;
				CLANG_WARN_DOCUMENTATION_COMMENTS = YES;
				CLANG_WARN_EMPTY_BODY = YES;
				CLANG_WARN_ENUM_CONVERSION = YES;
				CLANG_WARN_INFINITE_RECURSION = YES;
				CLANG_WARN_INT_CONVERSION = YES;
				CLANG_WARN_OBJC_ROOT_CLASS = YES_ERROR;
				CLANG_WARN_SUSPICIOUS_MOVE = YES;
				CLANG_WARN_UNREACHABLE_CODE = YES;
				CLANG_WARN__DUPLICATE_METHOD_MATCH = YES;
				"CODE_SIGN_IDENTITY[sdk=iphoneos*]" = "iPhone Developer";
				COPY_PHASE_STRIP = NO;
				DEBUG_INFORMATION_FORMAT = "dwarf-with-dsym";
				ENABLE_NS_ASSERTIONS = NO;
				ENABLE_STRICT_OBJC_MSGSEND = YES;
				GCC_C_LANGUAGE_STANDARD = gnu99;
				GCC_NO_COMMON_BLOCKS = YES;
				GCC_WARN_64_TO_32_BIT_CONVERSION = YES;
				GCC_WARN_ABOUT_RETURN_TYPE = YES_ERROR;
				GCC_WARN_UNDECLARED_SELECTOR = YES;
				GCC_WARN_UNINITIALIZED_AUTOS = YES_AGGRESSIVE;
				GCC_WARN_UNUSED_FUNCTION = YES;
				GCC_WARN_UNUSED_VARIABLE = YES;
				IPHONEOS_DEPLOYMENT_TARGET = 10.0;
				MTL_ENABLE_DEBUG_INFO = NO;
				SDKROOT = iphoneos;
				SWIFT_OPTIMIZATION_LEVEL = "-Owholemodule";
				TARGETED_DEVICE_FAMILY = "1,2";
				VALIDATE_PRODUCT = YES;
			};
			name = Release;
		};
		2E8351791EF57E7C004E162C /* Debug */ = {
			isa = XCBuildConfiguration;
			baseConfigurationReference = 984269D59DE17CE1A71A0679 /* Pods-HelpSenseOfDirection.debug.xcconfig */;
			buildSettings = {
				ASSETCATALOG_COMPILER_APPICON_NAME = AppIcon;
				DEVELOPMENT_TEAM = 6J4XG67E62;
				INFOPLIST_FILE = HelpSenseOfDirection/Info.plist;
				IPHONEOS_DEPLOYMENT_TARGET = 10.0;
				LD_RUNPATH_SEARCH_PATHS = "$(inherited) @executable_path/Frameworks";
				PRODUCT_BUNDLE_IDENTIFIER = com.kato.HelpSenseOfDirection;
				PRODUCT_NAME = "$(TARGET_NAME)";
				SWIFT_VERSION = 3.0;
				TARGETED_DEVICE_FAMILY = 1;
			};
			name = Debug;
		};
		2E83517A1EF57E7C004E162C /* Release */ = {
			isa = XCBuildConfiguration;
			baseConfigurationReference = 283E703E04C5CBA7ADAC023D /* Pods-HelpSenseOfDirection.release.xcconfig */;
			buildSettings = {
				ASSETCATALOG_COMPILER_APPICON_NAME = AppIcon;
				DEVELOPMENT_TEAM = 6J4XG67E62;
				INFOPLIST_FILE = HelpSenseOfDirection/Info.plist;
				IPHONEOS_DEPLOYMENT_TARGET = 10.0;
				LD_RUNPATH_SEARCH_PATHS = "$(inherited) @executable_path/Frameworks";
				PRODUCT_BUNDLE_IDENTIFIER = com.kato.HelpSenseOfDirection;
				PRODUCT_NAME = "$(TARGET_NAME)";
				SWIFT_VERSION = 3.0;
				TARGETED_DEVICE_FAMILY = 1;
			};
			name = Release;
		};
		2E83517C1EF57E7C004E162C /* Debug */ = {
			isa = XCBuildConfiguration;
			baseConfigurationReference = 3924529F9F79B29BB4515FC0 /* Pods-Tests-HelpSenseOfDirectionTests.debug.xcconfig */;
			buildSettings = {
				ALWAYS_EMBED_SWIFT_STANDARD_LIBRARIES = YES;
				BUNDLE_LOADER = "$(TEST_HOST)";
				DEVELOPMENT_TEAM = 6J4XG67E62;
				INFOPLIST_FILE = HelpSenseOfDirectionTests/Info.plist;
				LD_RUNPATH_SEARCH_PATHS = "$(inherited) @executable_path/Frameworks @loader_path/Frameworks";
				PRODUCT_BUNDLE_IDENTIFIER = com.kato.HelpSenseOfDirectionTests;
				PRODUCT_NAME = "$(TARGET_NAME)";
				SWIFT_VERSION = 3.0;
				TEST_HOST = "$(BUILT_PRODUCTS_DIR)/HelpSenseOfDirection.app/HelpSenseOfDirection";
			};
			name = Debug;
		};
		2E83517D1EF57E7C004E162C /* Release */ = {
			isa = XCBuildConfiguration;
			baseConfigurationReference = 6139C46DFB67A4E7EEC3CB20 /* Pods-Tests-HelpSenseOfDirectionTests.release.xcconfig */;
			buildSettings = {
				ALWAYS_EMBED_SWIFT_STANDARD_LIBRARIES = YES;
				BUNDLE_LOADER = "$(TEST_HOST)";
				DEVELOPMENT_TEAM = 6J4XG67E62;
				INFOPLIST_FILE = HelpSenseOfDirectionTests/Info.plist;
				LD_RUNPATH_SEARCH_PATHS = "$(inherited) @executable_path/Frameworks @loader_path/Frameworks";
				PRODUCT_BUNDLE_IDENTIFIER = com.kato.HelpSenseOfDirectionTests;
				PRODUCT_NAME = "$(TARGET_NAME)";
				SWIFT_VERSION = 3.0;
				TEST_HOST = "$(BUILT_PRODUCTS_DIR)/HelpSenseOfDirection.app/HelpSenseOfDirection";
			};
			name = Release;
		};
		2E83517F1EF57E7C004E162C /* Debug */ = {
			isa = XCBuildConfiguration;
			baseConfigurationReference = CD36D2112ABE4518E1C299D4 /* Pods-Tests-HelpSenseOfDirectionUITests.debug.xcconfig */;
			buildSettings = {
				ALWAYS_EMBED_SWIFT_STANDARD_LIBRARIES = YES;
				DEVELOPMENT_TEAM = 6J4XG67E62;
				INFOPLIST_FILE = HelpSenseOfDirectionUITests/Info.plist;
				LD_RUNPATH_SEARCH_PATHS = "$(inherited) @executable_path/Frameworks @loader_path/Frameworks";
				PRODUCT_BUNDLE_IDENTIFIER = com.kato.HelpSenseOfDirectionUITests;
				PRODUCT_NAME = "$(TARGET_NAME)";
				SWIFT_VERSION = 3.0;
				TEST_TARGET_NAME = HelpSenseOfDirection;
			};
			name = Debug;
		};
		2E8351801EF57E7C004E162C /* Release */ = {
			isa = XCBuildConfiguration;
			baseConfigurationReference = 25286F98477C2D7C5495C851 /* Pods-Tests-HelpSenseOfDirectionUITests.release.xcconfig */;
			buildSettings = {
				ALWAYS_EMBED_SWIFT_STANDARD_LIBRARIES = YES;
				DEVELOPMENT_TEAM = 6J4XG67E62;
				INFOPLIST_FILE = HelpSenseOfDirectionUITests/Info.plist;
				LD_RUNPATH_SEARCH_PATHS = "$(inherited) @executable_path/Frameworks @loader_path/Frameworks";
				PRODUCT_BUNDLE_IDENTIFIER = com.kato.HelpSenseOfDirectionUITests;
				PRODUCT_NAME = "$(TARGET_NAME)";
				SWIFT_VERSION = 3.0;
				TEST_TARGET_NAME = HelpSenseOfDirection;
			};
			name = Release;
		};
/* End XCBuildConfiguration section */

/* Begin XCConfigurationList section */
		2E83514B1EF57E7C004E162C /* Build configuration list for PBXProject "HelpSenseOfDirection" */ = {
			isa = XCConfigurationList;
			buildConfigurations = (
				2E8351761EF57E7C004E162C /* Debug */,
				2E8351771EF57E7C004E162C /* Release */,
			);
			defaultConfigurationIsVisible = 0;
			defaultConfigurationName = Release;
		};
		2E8351781EF57E7C004E162C /* Build configuration list for PBXNativeTarget "HelpSenseOfDirection" */ = {
			isa = XCConfigurationList;
			buildConfigurations = (
				2E8351791EF57E7C004E162C /* Debug */,
				2E83517A1EF57E7C004E162C /* Release */,
			);
			defaultConfigurationIsVisible = 0;
			defaultConfigurationName = Release;
		};
		2E83517B1EF57E7C004E162C /* Build configuration list for PBXNativeTarget "HelpSenseOfDirectionTests" */ = {
			isa = XCConfigurationList;
			buildConfigurations = (
				2E83517C1EF57E7C004E162C /* Debug */,
				2E83517D1EF57E7C004E162C /* Release */,
			);
			defaultConfigurationIsVisible = 0;
			defaultConfigurationName = Release;
		};
		2E83517E1EF57E7C004E162C /* Build configuration list for PBXNativeTarget "HelpSenseOfDirectionUITests" */ = {
			isa = XCConfigurationList;
			buildConfigurations = (
				2E83517F1EF57E7C004E162C /* Debug */,
				2E8351801EF57E7C004E162C /* Release */,
			);
			defaultConfigurationIsVisible = 0;
			defaultConfigurationName = Release;
		};
/* End XCConfigurationList section */
	};
	rootObject = 2E8351481EF57E7C004E162C /* Project object */;
}
